
Microsoft Visual Studio Solution File, Format Version 12.00
# Visual Studio Version 16
VisualStudioVersion = 16.0.30204.135
MinimumVisualStudioVersion = 10.0.40219.1
Project("{FAE04EC0-301F-11D3-BF4B-00C04F79EFBC}") = "Kameleo.LocalApiClient", "src\Kameleo.LocalApiClient.csproj", "{C0182308-BD42-499D-8BB3-53C4562467A7}"
EndProject
Global
	GlobalSection(SolutionConfigurationPlatforms) = preSolution
		Debug|Any CPU = Debug|Any CPU
		Release|Any CPU = Release|Any CPU
	EndGlobalSection
	GlobalSection(ProjectConfigurationPlatforms) = postSolution
		{C0182308-BD42-499D-8BB3-53C4562467A7}.Debug|Any CPU.ActiveCfg = Debug|Any CPU
		{C0182308-BD42-499D-8BB3-53C4562467A7}.Debug|Any CPU.Build.0 = Debug|Any CPU
		{C0182308-BD42-499D-8BB3-53C4562467A7}.Release|Any CPU.ActiveCfg = Release|Any CPU
		{C0182308-BD42-499D-8BB3-53C4562467A7}.Release|Any CPU.Build.0 = Release|Any CPU
	EndGlobalSection
	GlobalSection(SolutionProperties) = preSolution
		HideSolutionNode = FALSE
	EndGlobalSection
	GlobalSection(ExtensibilityGlobals) = postSolution
		SolutionGuid = {05482EE2-35CD-40BC-8F27-1E93365EA477}
	EndGlobalSection
EndGlobal
